// !$*UTF8*$!
{
	archiveVersion = 1;
	classes = {
	};
	objectVersion = 46;
	objects = {

/* Begin PBXBuildFile section */
		B69442391EF85F0D00600371 /* AppDelegate.swift in Sources */ = {isa = PBXBuildFile; fileRef = B69442381EF85F0D00600371 /* AppDelegate.swift */; };
		B694423E1EF85F0D00600371 /* Main.storyboard in Resources */ = {isa = PBXBuildFile; fileRef = B694423C1EF85F0D00600371 /* Main.storyboard */; };
		B69442401EF85F0D00600371 /* Assets.xcassets in Resources */ = {isa = PBXBuildFile; fileRef = B694423F1EF85F0D00600371 /* Assets.xcassets */; };
		B69442431EF85F0D00600371 /* LaunchScreen.storyboard in Resources */ = {isa = PBXBuildFile; fileRef = B69442411EF85F0D00600371 /* LaunchScreen.storyboard */; };
		B694424C1EF8605100600371 /* PostListTableViewController.swift in Sources */ = {isa = PBXBuildFile; fileRef = B694424B1EF8605100600371 /* PostListTableViewController.swift */; };
		B69442531EF860EC00600371 /* PostDetailTableViewController.swift in Sources */ = {isa = PBXBuildFile; fileRef = B69442521EF860EC00600371 /* PostDetailTableViewController.swift */; };
		B69442551EF8616700600371 /* AddPostTableViewController.swift in Sources */ = {isa = PBXBuildFile; fileRef = B69442541EF8616700600371 /* AddPostTableViewController.swift */; };
		B69442571EF8620000600371 /* SearchResultsTableViewController.swift in Sources */ = {isa = PBXBuildFile; fileRef = B69442561EF8620000600371 /* SearchResultsTableViewController.swift */; };
		B69442591EF863DD00600371 /* Post.swift in Sources */ = {isa = PBXBuildFile; fileRef = B69442581EF863DD00600371 /* Post.swift */; };
		B694425D1EF8662A00600371 /* Comment.swift in Sources */ = {isa = PBXBuildFile; fileRef = B694425C1EF8662A00600371 /* Comment.swift */; };
		B694425F1EF8676E00600371 /* PostController.swift in Sources */ = {isa = PBXBuildFile; fileRef = B694425E1EF8676E00600371 /* PostController.swift */; };
		B69442611EF86C4B00600371 /* PostTableViewCell.swift in Sources */ = {isa = PBXBuildFile; fileRef = B69442601EF86C4B00600371 /* PostTableViewCell.swift */; };
		B69442641EF88DAD00600371 /* SearchableRecord.swift in Sources */ = {isa = PBXBuildFile; fileRef = B69442631EF88DAD00600371 /* SearchableRecord.swift */; };
		B69442661EF8B54500600371 /* PhotoSelectViewController.swift in Sources */ = {isa = PBXBuildFile; fileRef = B69442651EF8B54500600371 /* PhotoSelectViewController.swift */; };
		B694426A1EF9AD8A00600371 /* CloudKitManager.swift in Sources */ = {isa = PBXBuildFile; fileRef = B69442691EF9AD8A00600371 /* CloudKitManager.swift */; };
		B694426C1EF9C6E300600371 /* CloudKitSyncable.swift in Sources */ = {isa = PBXBuildFile; fileRef = B694426B1EF9C6E300600371 /* CloudKitSyncable.swift */; };
		B69442991EFB586200600371 /* CloudKit.framework in Frameworks */ = {isa = PBXBuildFile; fileRef = B69442981EFB586200600371 /* CloudKit.framework */; };
/* End PBXBuildFile section */

/* Begin PBXFileReference section */
		B69442351EF85F0C00600371 /* Timeline.app */ = {isa = PBXFileReference; explicitFileType = wrapper.application; includeInIndex = 0; path = Timeline.app; sourceTree = BUILT_PRODUCTS_DIR; };
		B69442381EF85F0D00600371 /* AppDelegate.swift */ = {isa = PBXFileReference; lastKnownFileType = sourcecode.swift; path = AppDelegate.swift; sourceTree = "<group>"; };
		B694423D1EF85F0D00600371 /* Base */ = {isa = PBXFileReference; lastKnownFileType = file.storyboard; name = Base; path = Base.lproj/Main.storyboard; sourceTree = "<group>"; };
		B694423F1EF85F0D00600371 /* Assets.xcassets */ = {isa = PBXFileReference; lastKnownFileType = folder.assetcatalog; path = Assets.xcassets; sourceTree = "<group>"; };
		B69442421EF85F0D00600371 /* Base */ = {isa = PBXFileReference; lastKnownFileType = file.storyboard; name = Base; path = Base.lproj/LaunchScreen.storyboard; sourceTree = "<group>"; };
		B69442441EF85F0D00600371 /* Info.plist */ = {isa = PBXFileReference; lastKnownFileType = text.plist.xml; path = Info.plist; sourceTree = "<group>"; };
		B694424A1EF85F3700600371 /* Timeline.entitlements */ = {isa = PBXFileReference; lastKnownFileType = text.plist.entitlements; path = Timeline.entitlements; sourceTree = "<group>"; };
		B694424B1EF8605100600371 /* PostListTableViewController.swift */ = {isa = PBXFileReference; fileEncoding = 4; lastKnownFileType = sourcecode.swift; path = PostListTableViewController.swift; sourceTree = "<group>"; };
		B69442521EF860EC00600371 /* PostDetailTableViewController.swift */ = {isa = PBXFileReference; fileEncoding = 4; lastKnownFileType = sourcecode.swift; path = PostDetailTableViewController.swift; sourceTree = "<group>"; };
		B69442541EF8616700600371 /* AddPostTableViewController.swift */ = {isa = PBXFileReference; fileEncoding = 4; lastKnownFileType = sourcecode.swift; path = AddPostTableViewController.swift; sourceTree = "<group>"; };
		B69442561EF8620000600371 /* SearchResultsTableViewController.swift */ = {isa = PBXFileReference; fileEncoding = 4; lastKnownFileType = sourcecode.swift; path = SearchResultsTableViewController.swift; sourceTree = "<group>"; };
		B69442581EF863DD00600371 /* Post.swift */ = {isa = PBXFileReference; fileEncoding = 4; lastKnownFileType = sourcecode.swift; path = Post.swift; sourceTree = "<group>"; };
		B694425C1EF8662A00600371 /* Comment.swift */ = {isa = PBXFileReference; fileEncoding = 4; lastKnownFileType = sourcecode.swift; path = Comment.swift; sourceTree = "<group>"; };
		B694425E1EF8676E00600371 /* PostController.swift */ = {isa = PBXFileReference; fileEncoding = 4; lastKnownFileType = sourcecode.swift; path = PostController.swift; sourceTree = "<group>"; };
		B69442601EF86C4B00600371 /* PostTableViewCell.swift */ = {isa = PBXFileReference; fileEncoding = 4; lastKnownFileType = sourcecode.swift; path = PostTableViewCell.swift; sourceTree = "<group>"; };
		B69442631EF88DAD00600371 /* SearchableRecord.swift */ = {isa = PBXFileReference; fileEncoding = 4; lastKnownFileType = sourcecode.swift; path = SearchableRecord.swift; sourceTree = "<group>"; };
		B69442651EF8B54500600371 /* PhotoSelectViewController.swift */ = {isa = PBXFileReference; fileEncoding = 4; lastKnownFileType = sourcecode.swift; path = PhotoSelectViewController.swift; sourceTree = "<group>"; };
		B69442691EF9AD8A00600371 /* CloudKitManager.swift */ = {isa = PBXFileReference; fileEncoding = 4; lastKnownFileType = sourcecode.swift; path = CloudKitManager.swift; sourceTree = "<group>"; };
		B694426B1EF9C6E300600371 /* CloudKitSyncable.swift */ = {isa = PBXFileReference; fileEncoding = 4; lastKnownFileType = sourcecode.swift; path = CloudKitSyncable.swift; sourceTree = "<group>"; };
		B69442981EFB586200600371 /* CloudKit.framework */ = {isa = PBXFileReference; lastKnownFileType = wrapper.framework; name = CloudKit.framework; path = System/Library/Frameworks/CloudKit.framework; sourceTree = SDKROOT; };
/* End PBXFileReference section */

/* Begin PBXFrameworksBuildPhase section */
		B69442321EF85F0C00600371 /* Frameworks */ = {
			isa = PBXFrameworksBuildPhase;
			buildActionMask = 2147483647;
			files = (
				B69442991EFB586200600371 /* CloudKit.framework in Frameworks */,
			);
			runOnlyForDeploymentPostprocessing = 0;
		};
/* End PBXFrameworksBuildPhase section */

/* Begin PBXGroup section */
		B694422C1EF85F0C00600371 = {
			isa = PBXGroup;
			children = (
				B69442371EF85F0D00600371 /* Timeline */,
				B69442361EF85F0C00600371 /* Products */,
				B69442971EFB586200600371 /* Frameworks */,
			);
			sourceTree = "<group>";
		};
		B69442361EF85F0C00600371 /* Products */ = {
			isa = PBXGroup;
			children = (
				B69442351EF85F0C00600371 /* Timeline.app */,
			);
			name = Products;
			sourceTree = "<group>";
		};
		B69442371EF85F0D00600371 /* Timeline */ = {
			isa = PBXGroup;
			children = (
				B694426E1EF9C76A00600371 /* Protocols */,
				B69442621EF86C4E00600371 /* View */,
				B69442501EF8607600600371 /* Model Controller */,
				B694424F1EF8607100600371 /* Models */,
				B694424E1EF8606600600371 /* Resources */,
				B69442511EF8608400600371 /* View Controller */,
				B694424D1EF8605700600371 /* Storyboards */,
			);
			path = Timeline;
			sourceTree = "<group>";
		};
		B694424D1EF8605700600371 /* Storyboards */ = {
			isa = PBXGroup;
			children = (
				B694423C1EF85F0D00600371 /* Main.storyboard */,
				B69442411EF85F0D00600371 /* LaunchScreen.storyboard */,
			);
			name = Storyboards;
			sourceTree = "<group>";
		};
		B694424E1EF8606600600371 /* Resources */ = {
			isa = PBXGroup;
			children = (
				B69442691EF9AD8A00600371 /* CloudKitManager.swift */,
				B69442631EF88DAD00600371 /* SearchableRecord.swift */,
				B69442381EF85F0D00600371 /* AppDelegate.swift */,
				B694424A1EF85F3700600371 /* Timeline.entitlements */,
				B694423F1EF85F0D00600371 /* Assets.xcassets */,
				B69442441EF85F0D00600371 /* Info.plist */,
			);
			name = Resources;
			sourceTree = "<group>";
		};
		B694424F1EF8607100600371 /* Models */ = {
			isa = PBXGroup;
			children = (
				B694425C1EF8662A00600371 /* Comment.swift */,
				B69442581EF863DD00600371 /* Post.swift */,
			);
			name = Models;
			sourceTree = "<group>";
		};
		B69442501EF8607600600371 /* Model Controller */ = {
			isa = PBXGroup;
			children = (
				B694425E1EF8676E00600371 /* PostController.swift */,
			);
			name = "Model Controller";
			sourceTree = "<group>";
		};
		B69442511EF8608400600371 /* View Controller */ = {
			isa = PBXGroup;
			children = (
				B69442561EF8620000600371 /* SearchResultsTableViewController.swift */,
				B69442541EF8616700600371 /* AddPostTableViewController.swift */,
				B69442521EF860EC00600371 /* PostDetailTableViewController.swift */,
				B694424B1EF8605100600371 /* PostListTableViewController.swift */,
			);
			name = "View Controller";
			sourceTree = "<group>";
		};
		B69442621EF86C4E00600371 /* View */ = {
			isa = PBXGroup;
			children = (
				B69442601EF86C4B00600371 /* PostTableViewCell.swift */,
				B69442651EF8B54500600371 /* PhotoSelectViewController.swift */,
			);
			name = View;
			sourceTree = "<group>";
		};
		B694426E1EF9C76A00600371 /* Protocols */ = {
			isa = PBXGroup;
			children = (
				B694426B1EF9C6E300600371 /* CloudKitSyncable.swift */,
			);
			name = Protocols;
			sourceTree = "<group>";
		};
		B69442971EFB586200600371 /* Frameworks */ = {
			isa = PBXGroup;
			children = (
				B69442981EFB586200600371 /* CloudKit.framework */,
			);
			name = Frameworks;
			sourceTree = "<group>";
		};
/* End PBXGroup section */

/* Begin PBXNativeTarget section */
		B69442341EF85F0C00600371 /* Timeline */ = {
			isa = PBXNativeTarget;
			buildConfigurationList = B69442471EF85F0D00600371 /* Build configuration list for PBXNativeTarget "Timeline" */;
			buildPhases = (
				B69442311EF85F0C00600371 /* Sources */,
				B69442321EF85F0C00600371 /* Frameworks */,
				B69442331EF85F0C00600371 /* Resources */,
			);
			buildRules = (
			);
			dependencies = (
			);
			name = Timeline;
			productName = Timeline;
			productReference = B69442351EF85F0C00600371 /* Timeline.app */;
			productType = "com.apple.product-type.application";
		};
/* End PBXNativeTarget section */

/* Begin PBXProject section */
		B694422D1EF85F0C00600371 /* Project object */ = {
			isa = PBXProject;
			attributes = {
				LastSwiftUpdateCheck = 0830;
				LastUpgradeCheck = 0830;
				ORGANIZATIONNAME = "Collin Cannavo";
				TargetAttributes = {
					B69442341EF85F0C00600371 = {
						CreatedOnToolsVersion = 8.3.3;
						DevelopmentTeam = F83BXD8Z2Y;
						ProvisioningStyle = Automatic;
						SystemCapabilities = {
							com.apple.Push = {
								enabled = 1;
							};
							com.apple.iCloud = {
								enabled = 1;
							};
						};
					};
				};
			};
			buildConfigurationList = B69442301EF85F0C00600371 /* Build configuration list for PBXProject "Timeline" */;
			compatibilityVersion = "Xcode 3.2";
			developmentRegion = English;
			hasScannedForEncodings = 0;
			knownRegions = (
				en,
				Base,
			);
			mainGroup = B694422C1EF85F0C00600371;
			productRefGroup = B69442361EF85F0C00600371 /* Products */;
			projectDirPath = "";
			projectRoot = "";
			targets = (
				B69442341EF85F0C00600371 /* Timeline */,
			);
		};
/* End PBXProject section */

/* Begin PBXResourcesBuildPhase section */
		B69442331EF85F0C00600371 /* Resources */ = {
			isa = PBXResourcesBuildPhase;
			buildActionMask = 2147483647;
			files = (
				B69442431EF85F0D00600371 /* LaunchScreen.storyboard in Resources */,
				B69442401EF85F0D00600371 /* Assets.xcassets in Resources */,
				B694423E1EF85F0D00600371 /* Main.storyboard in Resources */,
			);
			runOnlyForDeploymentPostprocessing = 0;
		};
/* End PBXResourcesBuildPhase section */

/* Begin PBXSourcesBuildPhase section */
		B69442311EF85F0C00600371 /* Sources */ = {
			isa = PBXSourcesBuildPhase;
			buildActionMask = 2147483647;
			files = (
				B69442641EF88DAD00600371 /* SearchableRecord.swift in Sources */,
				B69442391EF85F0D00600371 /* AppDelegate.swift in Sources */,
				B694426A1EF9AD8A00600371 /* CloudKitManager.swift in Sources */,
				B694425F1EF8676E00600371 /* PostController.swift in Sources */,
				B694426C1EF9C6E300600371 /* CloudKitSyncable.swift in Sources */,
				B694424C1EF8605100600371 /* PostListTableViewController.swift in Sources */,
				B69442571EF8620000600371 /* SearchResultsTableViewController.swift in Sources */,
				B694425D1EF8662A00600371 /* Comment.swift in Sources */,
				B69442661EF8B54500600371 /* PhotoSelectViewController.swift in Sources */,
				B69442591EF863DD00600371 /* Post.swift in Sources */,
				B69442551EF8616700600371 /* AddPostTableViewController.swift in Sources */,
				B69442531EF860EC00600371 /* PostDetailTableViewController.swift in Sources */,
				B69442611EF86C4B00600371 /* PostTableViewCell.swift in Sources */,
			);
			runOnlyForDeploymentPostprocessing = 0;
		};
/* End PBXSourcesBuildPhase section */

/* Begin PBXVariantGroup section */
		B694423C1EF85F0D00600371 /* Main.storyboard */ = {
			isa = PBXVariantGroup;
			children = (
				B694423D1EF85F0D00600371 /* Base */,
			);
			name = Main.storyboard;
			sourceTree = "<group>";
		};
		B69442411EF85F0D00600371 /* LaunchScreen.storyboard */ = {
			isa = PBXVariantGroup;
			children = (
				B69442421EF85F0D00600371 /* Base */,
			);
			name = LaunchScreen.storyboard;
			sourceTree = "<group>";
		};
/* End PBXVariantGroup section */

/* Begin XCBuildConfiguration section */
		B69442451EF85F0D00600371 /* Debug */ = {
			isa = XCBuildConfiguration;
			buildSettings = {
				ALWAYS_SEARCH_USER_PATHS = NO;
				CLANG_ANALYZER_NONNULL = YES;
				CLANG_ANALYZER_NUMBER_OBJECT_CONVERSION = YES_AGGRESSIVE;
				CLANG_CXX_LANGUAGE_STANDARD = "gnu++0x";
				CLANG_CXX_LIBRARY = "libc++";
				CLANG_ENABLE_MODULES = YES;
				CLANG_ENABLE_OBJC_ARC = YES;
				CLANG_WARN_BOOL_CONVERSION = YES;
				CLANG_WARN_CONSTANT_CONVERSION = YES;
				CLANG_WARN_DIRECT_OBJC_ISA_USAGE = YES_ERROR;
				CLANG_WARN_DOCUMENTATION_COMMENTS = YES;
				CLANG_WARN_EMPTY_BODY = YES;
				CLANG_WARN_ENUM_CONVERSION = YES;
				CLANG_WARN_INFINITE_RECURSION = YES;
				CLANG_WARN_INT_CONVERSION = YES;
				CLANG_WARN_OBJC_ROOT_CLASS = YES_ERROR;
				CLANG_WARN_SUSPICIOUS_MOVE = YES;
				CLANG_WARN_UNREACHABLE_CODE = YES;
				CLANG_WARN__DUPLICATE_METHOD_MATCH = YES;
				"CODE_SIGN_IDENTITY[sdk=iphoneos*]" = "iPhone Developer";
				COPY_PHASE_STRIP = NO;
				DEBUG_INFORMATION_FORMAT = dwarf;
				ENABLE_STRICT_OBJC_MSGSEND = YES;
				ENABLE_TESTABILITY = YES;
				GCC_C_LANGUAGE_STANDARD = gnu99;
				GCC_DYNAMIC_NO_PIC = NO;
				GCC_NO_COMMON_BLOCKS = YES;
				GCC_OPTIMIZATION_LEVEL = 0;
				GCC_PREPROCESSOR_DEFINITIONS = (
					"DEBUG=1",
					"$(inherited)",
				);
				GCC_WARN_64_TO_32_BIT_CONVERSION = YES;
				GCC_WARN_ABOUT_RETURN_TYPE = YES_ERROR;
				GCC_WARN_UNDECLARED_SELECTOR = YES;
				GCC_WARN_UNINITIALIZED_AUTOS = YES_AGGRESSIVE;
				GCC_WARN_UNUSED_FUNCTION = YES;
				GCC_WARN_UNUSED_VARIABLE = YES;
				IPHONEOS_DEPLOYMENT_TARGET = 10.3;
				MTL_ENABLE_DEBUG_INFO = YES;
				ONLY_ACTIVE_ARCH = YES;
				SDKROOT = iphoneos;
				SWIFT_ACTIVE_COMPILATION_CONDITIONS = DEBUG;
				SWIFT_OPTIMIZATION_LEVEL = "-Onone";
				TARGETED_DEVICE_FAMILY = "1,2";
			};
			name = Debug;
		};
		B69442461EF85F0D00600371 /* Release */ = {
			isa = XCBuildConfiguration;
			buildSettings = {
				ALWAYS_SEARCH_USER_PATHS = NO;
				CLANG_ANALYZER_NONNULL = YES;
				CLANG_ANALYZER_NUMBER_OBJECT_CONVERSION = YES_AGGRESSIVE;
				CLANG_CXX_LANGUAGE_STANDARD = "gnu++0x";
				CLANG_CXX_LIBRARY = "libc++";
				CLANG_ENABLE_MODULES = YES;
				CLANG_ENABLE_OBJC_ARC = YES;
				CLANG_WARN_BOOL_CONVERSION = YES;
				CLANG_WARN_CONSTANT_CONVERSION = YES;
				CLANG_WARN_DIRECT_OBJC_ISA_USAGE = YES_ERROR;
				CLANG_WARN_DOCUMENTATION_COMMENTS = YES;
				CLANG_WARN_EMPTY_BODY = YES;
				CLANG_WARN_ENUM_CONVERSION = YES;
				CLANG_WARN_INFINITE_RECURSION = YES;
				CLANG_WARN_INT_CONVERSION = YES;
				CLANG_WARN_OBJC_ROOT_CLASS = YES_ERROR;
				CLANG_WARN_SUSPICIOUS_MOVE = YES;
				CLANG_WARN_UNREACHABLE_CODE = YES;
				CLANG_WARN__DUPLICATE_METHOD_MATCH = YES;
				"CODE_SIGN_IDENTITY[sdk=iphoneos*]" = "iPhone Developer";
				COPY_PHASE_STRIP = NO;
				DEBUG_INFORMATION_FORMAT = "dwarf-with-dsym";
				ENABLE_NS_ASSERTIONS = NO;
				ENABLE_STRICT_OBJC_MSGSEND = YES;
				GCC_C_LANGUAGE_STANDARD = gnu99;
				GCC_NO_COMMON_BLOCKS = YES;
				GCC_WARN_64_TO_32_BIT_CONVERSION = YES;
				GCC_WARN_ABOUT_RETURN_TYPE = YES_ERROR;
				GCC_WARN_UNDECLARED_SELECTOR = YES;
				GCC_WARN_UNINITIALIZED_AUTOS = YES_AGGRESSIVE;
				GCC_WARN_UNUSED_FUNCTION = YES;
				GCC_WARN_UNUSED_VARIABLE = YES;
				IPHONEOS_DEPLOYMENT_TARGET = 10.3;
				MTL_ENABLE_DEBUG_INFO = NO;
				SDKROOT = iphoneos;
				SWIFT_OPTIMIZATION_LEVEL = "-Owholemodule";
				TARGETED_DEVICE_FAMILY = "1,2";
				VALIDATE_PRODUCT = YES;
			};
			name = Release;
		};
		B69442481EF85F0D00600371 /* Debug */ = {
			isa = XCBuildConfiguration;
			buildSettings = {
				ASSETCATALOG_COMPILER_APPICON_NAME = AppIcon;
				CODE_SIGN_ENTITLEMENTS = Timeline/Timeline.entitlements;
				DEVELOPMENT_TEAM = F83BXD8Z2Y;
				INFOPLIST_FILE = Timeline/Info.plist;
				LD_RUNPATH_SEARCH_PATHS = "$(inherited) @executable_path/Frameworks";
				PRODUCT_BUNDLE_IDENTIFIER = "com.collin-cannavo.Timeline";
				PRODUCT_NAME = "$(TARGET_NAME)";
				SWIFT_VERSION = 3.0;
			};
			name = Debug;
		};
		B69442491EF85F0D00600371 /* Release */ = {
			isa = XCBuildConfiguration;
			buildSettings = {
				ASSETCATALOG_COMPILER_APPICON_NAME = AppIcon;
				CODE_SIGN_ENTITLEMENTS = Timeline/Timeline.entitlements;
				DEVELOPMENT_TEAM = F83BXD8Z2Y;
				INFOPLIST_FILE = Timeline/Info.plist;
				LD_RUNPATH_SEARCH_PATHS = "$(inherited) @executable_path/Frameworks";
				PRODUCT_BUNDLE_IDENTIFIER = "com.collin-cannavo.Timeline";
				PRODUCT_NAME = "$(TARGET_NAME)";
				SWIFT_VERSION = 3.0;
			};
			name = Release;
		};
/* End XCBuildConfiguration section */

/* Begin XCConfigurationList section */
		B69442301EF85F0C00600371 /* Build configuration list for PBXProject "Timeline" */ = {
			isa = XCConfigurationList;
			buildConfigurations = (
				B69442451EF85F0D00600371 /* Debug */,
				B69442461EF85F0D00600371 /* Release */,
			);
			defaultConfigurationIsVisible = 0;
			defaultConfigurationName = Release;
		};
		B69442471EF85F0D00600371 /* Build configuration list for PBXNativeTarget "Timeline" */ = {
			isa = XCConfigurationList;
			buildConfigurations = (
				B69442481EF85F0D00600371 /* Debug */,
				B69442491EF85F0D00600371 /* Release */,
			);
			defaultConfigurationIsVisible = 0;
		};
/* End XCConfigurationList section */
	};
	rootObject = B694422D1EF85F0C00600371 /* Project object */;
}
